
Microsoft Visual Studio Solution File, Format Version 12.00
# Visual Studio 14
VisualStudioVersion = 14.0.25420.1
MinimumVisualStudioVersion = 10.0.40219.1
Project("{FAE04EC0-301F-11D3-BF4B-00C04F79EFBC}") = "Pg671LINQMagnets", "Pg671LINQMagnets\Pg671LINQMagnets.csproj", "{90B1EF75-755D-403D-AE17-CB1D93F6A0FF}"
EndProject
Global
	GlobalSection(SolutionConfigurationPlatforms) = preSolution
		Debug|Any CPU = Debug|Any CPU
		Release|Any CPU = Release|Any CPU
	EndGlobalSection
	GlobalSection(ProjectConfigurationPlatforms) = postSolution
		{90B1EF75-755D-403D-AE17-CB1D93F6A0FF}.Debug|Any CPU.ActiveCfg = Debug|Any CPU
		{90B1EF75-755D-403D-AE17-CB1D93F6A0FF}.Debug|Any CPU.Build.0 = Debug|Any CPU
		{90B1EF75-755D-403D-AE17-CB1D93F6A0FF}.Release|Any CPU.ActiveCfg = Release|Any CPU
		{90B1EF75-755D-403D-AE17-CB1D93F6A0FF}.Release|Any CPU.Build.0 = Release|Any CPU
	EndGlobalSection
	GlobalSection(SolutionProperties) = preSolution
		HideSolutionNode = FALSE
	EndGlobalSection
EndGlobal
